{
  "name": "project-it4409",
  "version": "1.0.0",
  "lockfileVersion": 3,
  "requires": true,
  "packages": {
    "": {
      "name": "project-it4409",
      "version": "1.0.0",
      "license": "ISC",
      "devDependencies": {
        "rolldown": "^0.12.0"
      },
      "engines": {
        "node": ">=20.0.0"
      }
    },
    "node_modules/@emnapi/core": {
      "version": "1.6.0",
      "resolved": "https://registry.npmjs.org/@emnapi/core/-/core-1.6.0.tgz",
      "integrity": "sha512-zq/ay+9fNIJJtJiZxdTnXS20PllcYMX3OE23ESc4HK/bdYu3cOWYVhsOhVnXALfU/uqJIxn5NBPd9z4v+SfoSg==",
      "dev": true,
      "license": "MIT",
      "optional": true,
      "dependencies": {
        "@emnapi/wasi-threads": "1.1.0",
        "tslib": "^2.4.0"
      }
    },
    "node_modules/@emnapi/runtime": {
      "version": "1.6.0",
      "resolved": "https://registry.npmjs.org/@emnapi/runtime/-/runtime-1.6.0.tgz",
      "integrity": "sha512-obtUmAHTMjll499P+D9A3axeJFlhdjOWdKUNs/U6QIGT7V5RjcUW1xToAzjvmgTSQhDbYn/NwfTRoJcQ2rNBxA==",
      "dev": true,
      "license": "MIT",
      "optional": true,
      "dependencies": {
        "tslib": "^2.4.0"
      }
    },
    "node_modules/@emnapi/wasi-threads": {
      "version": "1.1.0",
      "resolved": "https://registry.npmjs.org/@emnapi/wasi-threads/-/wasi-threads-1.1.0.tgz",
      "integrity": "sha512-WI0DdZ8xFSbgMjR1sFsKABJ/C5OnRrjT06JXbZKexJGrDuPTzZdDYfFlsgcCXCyf+suG5QU2e/y1Wo2V/OapLQ==",
      "dev": true,
      "license": "MIT",
      "optional": true,
      "dependencies": {
        "tslib": "^2.4.0"
      }
    },
    "node_modules/@napi-rs/wasm-runtime": {
      "version": "0.2.12",
      "resolved": "https://registry.npmjs.org/@napi-rs/wasm-runtime/-/wasm-runtime-0.2.12.tgz",
      "integrity": "sha512-ZVWUcfwY4E/yPitQJl481FjFo3K22D6qF0DuFH6Y/nbnE11GY5uguDxZMGXPQ8WQ0128MXQD7TnfHyK4oWoIJQ==",
      "dev": true,
      "license": "MIT",
      "optional": true,
      "dependencies": {
        "@emnapi/core": "^1.4.3",
        "@emnapi/runtime": "^1.4.3",
        "@tybys/wasm-util": "^0.10.0"
      }
    },
    "node_modules/@rolldown/binding-darwin-arm64": {
      "version": "0.12.2",
      "resolved": "https://registry.npmjs.org/@rolldown/binding-darwin-arm64/-/binding-darwin-arm64-0.12.2.tgz",
      "integrity": "sha512-Y3Ajye63Z5KymGUwTLaK7Q6YMvycXqNiXtosecgVzjAwMITCmXdzgnWgzzx5UlWHMrDYL4m5zIeXGB5slLwoMA==",
      "cpu": [
        "arm64"
      ],
      "dev": true,
      "license": "MIT",
      "optional": true,
      "os": [
        "darwin"
      ]
    },
    "node_modules/@rolldown/binding-darwin-x64": {
      "version": "0.12.2",
      "resolved": "https://registry.npmjs.org/@rolldown/binding-darwin-x64/-/binding-darwin-x64-0.12.2.tgz",
      "integrity": "sha512-ZcVuVFEFBXhp00TUNn+EDYs7SGGLQCznvCeuW1XkM8EC2/LfewU/o4WuJK7CBC4iCSktuFGpw7+zLe8D6iinzg==",
      "cpu": [
        "x64"
      ],
      "dev": true,
      "license": "MIT",
      "optional": true,
      "os": [
        "darwin"
      ]
    },
    "node_modules/@rolldown/binding-freebsd-x64": {
      "version": "0.12.2",
      "resolved": "https://registry.npmjs.org/@rolldown/binding-freebsd-x64/-/binding-freebsd-x64-0.12.2.tgz",
      "integrity": "sha512-4fjuQHpm3q/Ly4fcqb8Qn49OQc2EQR2scUbQaOzXr7mIn9Zy8NfdRrsVG4/wpYvihIlTEtVx+ku0IZwcUzzZGg==",
      "cpu": [
        "x64"
      ],
      "dev": true,
      "license": "MIT",
      "optional": true,
      "os": [
        "freebsd"
      ]
    },
    "node_modules/@rolldown/binding-linux-arm-gnueabihf": {
      "version": "0.12.2",
      "resolved": "https://registry.npmjs.org/@rolldown/binding-linux-arm-gnueabihf/-/binding-linux-arm-gnueabihf-0.12.2.tgz",
      "integrity": "sha512-MGEDaYLzTQ1kpvt13PzOwnd6O668S1mPM/vgi4O9vCfqJNTXZX8SeAg8Z2dQZbMSUyFDBVKGkz23GRTHqkGIsQ==",
      "cpu": [
        "arm"
      ],
      "dev": true,
      "license": "MIT",
      "optional": true,
      "os": [
        "linux"
      ]
    },
    "node_modules/@rolldown/binding-linux-arm64-gnu": {
      "version": "0.12.2",
      "resolved": "https://registry.npmjs.org/@rolldown/binding-linux-arm64-gnu/-/binding-linux-arm64-gnu-0.12.2.tgz",
      "integrity": "sha512-8uiaMe39twyIAw0do1Gc3O2SpQmyL1A/BucFncEB8eU5jtb3BWIM/X+F+eKDU6c+XZ+S1T025dhR1cGg8y20Xw==",
      "cpu": [
        "arm64"
      ],
      "dev": true,
      "license": "MIT",
      "optional": true,
      "os": [
        "linux"
      ]
    },
    "node_modules/@rolldown/binding-linux-arm64-musl": {
      "version": "0.12.2",
      "resolved": "https://registry.npmjs.org/@rolldown/binding-linux-arm64-musl/-/binding-linux-arm64-musl-0.12.2.tgz",
      "integrity": "sha512-GOFSKaMJueaSSODcqI+0Hu79buHYtGV7h2tydIDkSDD20mQuvwOF7jIVd27yNdlXWS9wLObwEu3BNgHmIj1M6A==",
      "cpu": [
        "arm64"
      ],
      "dev": true,
      "license": "MIT",
      "optional": true,
      "os": [
        "linux"
      ]
    },
    "node_modules/@rolldown/binding-linux-x64-gnu": {
      "version": "0.12.2",
      "resolved": "https://registry.npmjs.org/@rolldown/binding-linux-x64-gnu/-/binding-linux-x64-gnu-0.12.2.tgz",
      "integrity": "sha512-+hlRURUSiVP0+PFtjoTxUsiy/2NQpbf3DyUyMyl8Nv5+1BxjB6452VY1iFI+RzG4iLNJslcVcI6d6lJQ5zZYfw==",
      "cpu": [
        "x64"
      ],
      "dev": true,
      "license": "MIT",
      "optional": true,
      "os": [
        "linux"
      ]
    },
    "node_modules/@rolldown/binding-linux-x64-musl": {
      "version": "0.12.2",
      "resolved": "https://registry.npmjs.org/@rolldown/binding-linux-x64-musl/-/binding-linux-x64-musl-0.12.2.tgz",
      "integrity": "sha512-9WKIaQSZZ0i9F5msW4I5kEj6ov+TZLteuTqCzI7nYWDBDm7m/hYkOkdIBf41GC8iKFsgVIQO0kRVAT966U8RxQ==",
      "cpu": [
        "x64"
      ],
      "dev": true,
      "license": "MIT",
      "optional": true,
      "os": [
        "linux"
      ]
    },
    "node_modules/@rolldown/binding-wasm32-wasi": {
      "version": "0.12.2",
      "resolved": "https://registry.npmjs.org/@rolldown/binding-wasm32-wasi/-/binding-wasm32-wasi-0.12.2.tgz",
      "integrity": "sha512-KY7bNrR3Jk6O0ne8LAaAnq9yI6xuKwhr/L2d1lBwrraCCyLHk0UEv4g6PfJkyUx6GfN0gVYuSxFgo9OggycldA==",
      "cpu": [
        "wasm32"
      ],
      "dev": true,
      "license": "MIT",
      "optional": true,
      "dependencies": {
        "@napi-rs/wasm-runtime": "^0.2.4"
      },
      "engines": {
        "node": ">=14.21.3"
      }
    },
    "node_modules/@rolldown/binding-win32-arm64-msvc": {
      "version": "0.12.2",
      "resolved": "https://registry.npmjs.org/@rolldown/binding-win32-arm64-msvc/-/binding-win32-arm64-msvc-0.12.2.tgz",
      "integrity": "sha512-XYBXifPk5iNcPUTyV/yB4tlj5nI+fYoe/8CLHjyUG8GS0l8rCD+jKaAv3Jvz2T2erlkjEPqJXmzhUfBscOUo6g==",
      "cpu": [
        "arm64"
      ],
      "dev": true,
      "license": "MIT",
      "optional": true,
      "os": [
        "win32"
      ]
    },
    "node_modules/@rolldown/binding-win32-ia32-msvc": {
      "version": "0.12.2",
      "resolved": "https://registry.npmjs.org/@rolldown/binding-win32-ia32-msvc/-/binding-win32-ia32-msvc-0.12.2.tgz",
      "integrity": "sha512-SV9LqvEc0d4gCLbkezH+UJ2uj2pTw3mwSKhFJEm6ir1lb05W6y9++m67NRs17fhudkFAz8iKlyPxKtZBKzAKOw==",
      "cpu": [
        "ia32"
      ],
      "dev": true,
      "license": "MIT",
      "optional": true,
      "os": [
        "win32"
      ]
    },
    "node_modules/@rolldown/binding-win32-x64-msvc": {
      "version": "0.12.2",
      "resolved": "https://registry.npmjs.org/@rolldown/binding-win32-x64-msvc/-/binding-win32-x64-msvc-0.12.2.tgz",
      "integrity": "sha512-XnRqHx182tyk1M12OMXqLajIj9DZrOUEKSPYrQUSaMCmHHAhULYP6ki240CV16PBWZW4Q1pwQ7YVKYFevRtvKg==",
      "cpu": [
        "x64"
      ],
      "dev": true,
      "license": "MIT",
      "optional": true,
      "os": [
        "win32"
      ]
    },
    "node_modules/@tybys/wasm-util": {
      "version": "0.10.1",
      "resolved": "https://registry.npmjs.org/@tybys/wasm-util/-/wasm-util-0.10.1.tgz",
      "integrity": "sha512-9tTaPJLSiejZKx+Bmog4uSubteqTvFrVrURwkmHixBo0G4seD0zUxp98E1DzUBJxLQ3NPwXrGKDiVjwx/DpPsg==",
      "dev": true,
      "license": "MIT",
      "optional": true,
      "dependencies": {
        "tslib": "^2.4.0"
      }
    },
    "node_modules/rolldown": {
      "version": "0.12.2",
      "resolved": "https://registry.npmjs.org/rolldown/-/rolldown-0.12.2.tgz",
      "integrity": "sha512-YJYKiYt2O9XytiQ3Na4Kk29avfIXhvK7udB3wAaVaF4kiSsFKE1167tElO/0eD6tjfJXCvwNxwsyYkBJRtsLmQ==",
      "dev": true,
      "license": "MIT",
      "dependencies": {
        "zod": "^3.23.8"
      },
      "bin": {
        "rolldown": "bin/cli.js"
      },
      "optionalDependencies": {
        "@rolldown/binding-darwin-arm64": "0.12.2",
        "@rolldown/binding-darwin-x64": "0.12.2",
        "@rolldown/binding-freebsd-x64": "0.12.2",
        "@rolldown/binding-linux-arm-gnueabihf": "0.12.2",
        "@rolldown/binding-linux-arm64-gnu": "0.12.2",
        "@rolldown/binding-linux-arm64-musl": "0.12.2",
        "@rolldown/binding-linux-x64-gnu": "0.12.2",
        "@rolldown/binding-linux-x64-musl": "0.12.2",
        "@rolldown/binding-wasm32-wasi": "0.12.2",
        "@rolldown/binding-win32-arm64-msvc": "0.12.2",
        "@rolldown/binding-win32-ia32-msvc": "0.12.2",
        "@rolldown/binding-win32-x64-msvc": "0.12.2"
      }
    },
    "node_modules/tslib": {
      "version": "2.8.1",
      "resolved": "https://registry.npmjs.org/tslib/-/tslib-2.8.1.tgz",
      "integrity": "sha512-oJFu94HQb+KVduSUQL7wnpmqnfmLsOA/nAh6b6EH0wCEoK0/mPeXU6c3wKDV83MkOuHPRHtSXKKU99IBazS/2w==",
      "dev": true,
      "license": "0BSD",
      "optional": true
    },
    "node_modules/zod": {
      "version": "3.25.76",
      "resolved": "https://registry.npmjs.org/zod/-/zod-3.25.76.tgz",
      "integrity": "sha512-gzUt/qt81nXsFGKIFcC3YnfEAx5NkunCfnDlvuBSSFS02bcXu4Lmea0AFIUwbLWxWPx3d9p8S5QoaujKcNQxcQ==",
      "dev": true,
      "license": "MIT",
      "funding": {
        "url": "https://github.com/sponsors/colinhacks"
      }
    }
  }
}
